
Microsoft Visual Studio Solution File, Format Version 12.00
# Visual Studio Version 17
VisualStudioVersion = 17.0.31903.59
MinimumVisualStudioVersion = 10.0.40219.1
Project("{2150E333-8FDC-42A3-9474-1A3956D46DE8}") = "src", "src", "{827E0CD3-B72D-47B6-A68D-7590B98EB39B}"
EndProject
Project("{FAE04EC0-301F-11D3-BF4B-00C04F79EFBC}") = "Moongazing.OrionRate", "src\Moongazing.OrionRate\Moongazing.OrionRate.csproj", "{F63E1B8F-DE4B-46C5-B3FE-F57C40FF93EF}"
EndProject
Project("{FAE04EC0-301F-11D3-BF4B-00C04F79EFBC}") = "Moongazing.OrionRate.AspNetCore", "src\Moongazing.OrionRate.AspNetCore\Moongazing.OrionRate.AspNetCore.csproj", "{B4783D74-9A69-4A99-AEEB-2E63D87FC201}"
EndProject
Project("{2150E333-8FDC-42A3-9474-1A3956D46DE8}") = "tests", "tests", "{0AB3BF05-4346-4AA6-1389-037BE0695223}"
EndProject
Project("{FAE04EC0-301F-11D3-BF4B-00C04F79EFBC}") = "Moongazing.OrionRate.Tests", "tests\Moongazing.OrionRate.Tests\Moongazing.OrionRate.Tests.csproj", "{1D4284C9-C77E-4F9E-BACC-7E3A18D1AF68}"
EndProject
Project("{FAE04EC0-301F-11D3-BF4B-00C04F79EFBC}") = "Moongazing.OrionRate.AotSmoke", "tests\Moongazing.OrionRate.AotSmoke\Moongazing.OrionRate.AotSmoke.csproj", "{099D3316-CC98-48FC-B386-F4F89329953E}"
EndProject
Global
	GlobalSection(SolutionConfigurationPlatforms) = preSolution
		Debug|Any CPU = Debug|Any CPU
		Debug|x64 = Debug|x64
		Debug|x86 = Debug|x86
		Release|Any CPU = Release|Any CPU
		Release|x64 = Release|x64
		Release|x86 = Release|x86
	EndGlobalSection
	GlobalSection(ProjectConfigurationPlatforms) = postSolution
		{F63E1B8F-DE4B-46C5-B3FE-F57C40FF93EF}.Debug|Any CPU.ActiveCfg = Debug|Any CPU
		{F63E1B8F-DE4B-46C5-B3FE-F57C40FF93EF}.Debug|Any CPU.Build.0 = Debug|Any CPU
		{F63E1B8F-DE4B-46C5-B3FE-F57C40FF93EF}.Debug|x64.ActiveCfg = Debug|Any CPU
		{F63E1B8F-DE4B-46C5-B3FE-F57C40FF93EF}.Debug|x64.Build.0 = Debug|Any CPU
		{F63E1B8F-DE4B-46C5-B3FE-F57C40FF93EF}.Debug|x86.ActiveCfg = Debug|Any CPU
		{F63E1B8F-DE4B-46C5-B3FE-F57C40FF93EF}.Debug|x86.Build.0 = Debug|Any CPU
		{F63E1B8F-DE4B-46C5-B3FE-F57C40FF93EF}.Release|Any CPU.ActiveCfg = Release|Any CPU
		{F63E1B8F-DE4B-46C5-B3FE-F57C40FF93EF}.Release|Any CPU.Build.0 = Release|Any CPU
		{F63E1B8F-DE4B-46C5-B3FE-F57C40FF93EF}.Release|x64.ActiveCfg = Release|Any CPU
		{F63E1B8F-DE4B-46C5-B3FE-F57C40FF93EF}.Release|x64.Build.0 = Release|Any CPU
		{F63E1B8F-DE4B-46C5-B3FE-F57C40FF93EF}.Release|x86.ActiveCfg = Release|Any CPU
		{F63E1B8F-DE4B-46C5-B3FE-F57C40FF93EF}.Release|x86.Build.0 = Release|Any CPU
		{B4783D74-9A69-4A99-AEEB-2E63D87FC201}.Debug|Any CPU.ActiveCfg = Debug|Any CPU
		{B4783D74-9A69-4A99-AEEB-2E63D87FC201}.Debug|Any CPU.Build.0 = Debug|Any CPU
		{B4783D74-9A69-4A99-AEEB-2E63D87FC201}.Debug|x64.ActiveCfg = Debug|Any CPU
		{B4783D74-9A69-4A99-AEEB-2E63D87FC201}.Debug|x64.Build.0 = Debug|Any CPU
		{B4783D74-9A69-4A99-AEEB-2E63D87FC201}.Debug|x86.ActiveCfg = Debug|Any CPU
		{B4783D74-9A69-4A99-AEEB-2E63D87FC201}.Debug|x86.Build.0 = Debug|Any CPU
		{B4783D74-9A69-4A99-AEEB-2E63D87FC201}.Release|Any CPU.ActiveCfg = Release|Any CPU
		{B4783D74-9A69-4A99-AEEB-2E63D87FC201}.Release|Any CPU.Build.0 = Release|Any CPU
		{B4783D74-9A69-4A99-AEEB-2E63D87FC201}.Release|x64.ActiveCfg = Release|Any CPU
		{B4783D74-9A69-4A99-AEEB-2E63D87FC201}.Release|x64.Build.0 = Release|Any CPU
		{B4783D74-9A69-4A99-AEEB-2E63D87FC201}.Release|x86.ActiveCfg = Release|Any CPU
		{B4783D74-9A69-4A99-AEEB-2E63D87FC201}.Release|x86.Build.0 = Release|Any CPU
		{1D4284C9-C77E-4F9E-BACC-7E3A18D1AF68}.Debug|Any CPU.ActiveCfg = Debug|Any CPU
		{1D4284C9-C77E-4F9E-BACC-7E3A18D1AF68}.Debug|Any CPU.Build.0 = Debug|Any CPU
		{1D4284C9-C77E-4F9E-BACC-7E3A18D1AF68}.Debug|x64.ActiveCfg = Debug|Any CPU
		{1D4284C9-C77E-4F9E-BACC-7E3A18D1AF68}.Debug|x64.Build.0 = Debug|Any CPU
		{1D4284C9-C77E-4F9E-BACC-7E3A18D1AF68}.Debug|x86.ActiveCfg = Debug|Any CPU
		{1D4284C9-C77E-4F9E-BACC-7E3A18D1AF68}.Debug|x86.Build.0 = Debug|Any CPU
		{1D4284C9-C77E-4F9E-BACC-7E3A18D1AF68}.Release|Any CPU.ActiveCfg = Release|Any CPU
		{1D4284C9-C77E-4F9E-BACC-7E3A18D1AF68}.Release|Any CPU.Build.0 = Release|Any CPU
		{1D4284C9-C77E-4F9E-BACC-7E3A18D1AF68}.Release|x64.ActiveCfg = Release|Any CPU
		{1D4284C9-C77E-4F9E-BACC-7E3A18D1AF68}.Release|x64.Build.0 = Release|Any CPU
		{1D4284C9-C77E-4F9E-BACC-7E3A18D1AF68}.Release|x86.ActiveCfg = Release|Any CPU
		{1D4284C9-C77E-4F9E-BACC-7E3A18D1AF68}.Release|x86.Build.0 = Release|Any CPU
		{099D3316-CC98-48FC-B386-F4F89329953E}.Debug|Any CPU.ActiveCfg = Debug|Any CPU
		{099D3316-CC98-48FC-B386-F4F89329953E}.Debug|Any CPU.Build.0 = Debug|Any CPU
		{099D3316-CC98-48FC-B386-F4F89329953E}.Debug|x64.ActiveCfg = Debug|Any CPU
		{099D3316-CC98-48FC-B386-F4F89329953E}.Debug|x64.Build.0 = Debug|Any CPU
		{099D3316-CC98-48FC-B386-F4F89329953E}.Debug|x86.ActiveCfg = Debug|Any CPU
		{099D3316-CC98-48FC-B386-F4F89329953E}.Debug|x86.Build.0 = Debug|Any CPU
		{099D3316-CC98-48FC-B386-F4F89329953E}.Release|Any CPU.ActiveCfg = Release|Any CPU
		{099D3316-CC98-48FC-B386-F4F89329953E}.Release|Any CPU.Build.0 = Release|Any CPU
		{099D3316-CC98-48FC-B386-F4F89329953E}.Release|x64.ActiveCfg = Release|Any CPU
		{099D3316-CC98-48FC-B386-F4F89329953E}.Release|x64.Build.0 = Release|Any CPU
		{099D3316-CC98-48FC-B386-F4F89329953E}.Release|x86.ActiveCfg = Release|Any CPU
		{099D3316-CC98-48FC-B386-F4F89329953E}.Release|x86.Build.0 = Release|Any CPU
	EndGlobalSection
	GlobalSection(SolutionProperties) = preSolution
		HideSolutionNode = FALSE
	EndGlobalSection
	GlobalSection(NestedProjects) = preSolution
		{F63E1B8F-DE4B-46C5-B3FE-F57C40FF93EF} = {827E0CD3-B72D-47B6-A68D-7590B98EB39B}
		{B4783D74-9A69-4A99-AEEB-2E63D87FC201} = {827E0CD3-B72D-47B6-A68D-7590B98EB39B}
		{1D4284C9-C77E-4F9E-BACC-7E3A18D1AF68} = {0AB3BF05-4346-4AA6-1389-037BE0695223}
		{099D3316-CC98-48FC-B386-F4F89329953E} = {0AB3BF05-4346-4AA6-1389-037BE0695223}
	EndGlobalSection
EndGlobal
